
Microsoft Visual Studio Solution File, Format Version 12.00
# Visual Studio Version 16
VisualStudioVersion = 16.0.32126.315
MinimumVisualStudioVersion = 10.0.40219.1
Project("{FAE04EC0-301F-11D3-BF4B-00C04F79EFBC}") = "AddtoCartWeb", "WebApplication1\AddtoCartWeb.csproj", "{87C9D14C-6753-49E8-B7F9-9CA4BEA7AE86}"
EndProject
Project("{FAE04EC0-301F-11D3-BF4B-00C04F79EFBC}") = "BOL", "BOL\BOL.csproj", "{2D8FB008-065C-47BD-B7D9-9DB83B50BB18}"
EndProject
Project("{FAE04EC0-301F-11D3-BF4B-00C04F79EFBC}") = "BLL", "BLL\BLL.csproj", "{ED38E4F3-3C2D-4E98-B870-9916BBEFFA7B}"
EndProject
Project("{FAE04EC0-301F-11D3-BF4B-00C04F79EFBC}") = "DAL", "DAL\DAL.csproj", "{0DC4ABB4-CFC5-40DB-9544-AEDFD94325D7}"
EndProject
Global
	GlobalSection(SolutionConfigurationPlatforms) = preSolution
		Debug|Any CPU = Debug|Any CPU
		Release|Any CPU = Release|Any CPU
	EndGlobalSection
	GlobalSection(ProjectConfigurationPlatforms) = postSolution
		{87C9D14C-6753-49E8-B7F9-9CA4BEA7AE86}.Debug|Any CPU.ActiveCfg = Debug|Any CPU
		{87C9D14C-6753-49E8-B7F9-9CA4BEA7AE86}.Debug|Any CPU.Build.0 = Debug|Any CPU
		{87C9D14C-6753-49E8-B7F9-9CA4BEA7AE86}.Release|Any CPU.ActiveCfg = Release|Any CPU
		{87C9D14C-6753-49E8-B7F9-9CA4BEA7AE86}.Release|Any CPU.Build.0 = Release|Any CPU
		{2D8FB008-065C-47BD-B7D9-9DB83B50BB18}.Debug|Any CPU.ActiveCfg = Debug|Any CPU
		{2D8FB008-065C-47BD-B7D9-9DB83B50BB18}.Debug|Any CPU.Build.0 = Debug|Any CPU
		{2D8FB008-065C-47BD-B7D9-9DB83B50BB18}.Release|Any CPU.ActiveCfg = Release|Any CPU
		{2D8FB008-065C-47BD-B7D9-9DB83B50BB18}.Release|Any CPU.Build.0 = Release|Any CPU
		{ED38E4F3-3C2D-4E98-B870-9916BBEFFA7B}.Debug|Any CPU.ActiveCfg = Debug|Any CPU
		{ED38E4F3-3C2D-4E98-B870-9916BBEFFA7B}.Debug|Any CPU.Build.0 = Debug|Any CPU
		{ED38E4F3-3C2D-4E98-B870-9916BBEFFA7B}.Release|Any CPU.ActiveCfg = Release|Any CPU
		{ED38E4F3-3C2D-4E98-B870-9916BBEFFA7B}.Release|Any CPU.Build.0 = Release|Any CPU
		{0DC4ABB4-CFC5-40DB-9544-AEDFD94325D7}.Debug|Any CPU.ActiveCfg = Debug|Any CPU
		{0DC4ABB4-CFC5-40DB-9544-AEDFD94325D7}.Debug|Any CPU.Build.0 = Debug|Any CPU
		{0DC4ABB4-CFC5-40DB-9544-AEDFD94325D7}.Release|Any CPU.ActiveCfg = Release|Any CPU
		{0DC4ABB4-CFC5-40DB-9544-AEDFD94325D7}.Release|Any CPU.Build.0 = Release|Any CPU
	EndGlobalSection
	GlobalSection(SolutionProperties) = preSolution
		HideSolutionNode = FALSE
	EndGlobalSection
	GlobalSection(ExtensibilityGlobals) = postSolution
		SolutionGuid = {8CE18C73-0E93-40C4-9E64-4AAF61D45F79}
	EndGlobalSection
EndGlobal
